
Microsoft Visual Studio Solution File, Format Version 12.00
# Visual Studio Version 16
VisualStudioVersion = 16.0.30804.86
MinimumVisualStudioVersion = 10.0.40219.1
Project("{2150E333-8FDC-42A3-9474-1A3956D46DE8}") = "MicroServices", "MicroServices", "{F809A473-2274-432C-827E-0741C942086A}"
EndProject
Project("{2150E333-8FDC-42A3-9474-1A3956D46DE8}") = "Domain", "Domain", "{D371246E-1C54-4EAF-90E7-6249B9D54AF3}"
EndProject
Project("{2150E333-8FDC-42A3-9474-1A3956D46DE8}") = "Infra.Bus", "Infra.Bus", "{C62E301F-ED93-4603-997F-DD6362AE3A37}"
EndProject
Project("{2150E333-8FDC-42A3-9474-1A3956D46DE8}") = "Infra.IoC", "Infra.IoC", "{D5EDC995-E861-4FB7-8E6F-0FDFFC017B69}"
EndProject
Project("{2150E333-8FDC-42A3-9474-1A3956D46DE8}") = "Presentation", "Presentation", "{6ED86B3C-DD26-4F24-8BC4-4639B45B8AA4}"
EndProject
Project("{9A19103F-16F7-4668-BE54-9A1E7A4F7556}") = "MicroRabbit.Domain.Core", "MicroRabbit.Domain.Core\MicroRabbit.Domain.Core.csproj", "{2E93CB39-AD5C-44BB-871A-423620CDEB1F}"
EndProject
Project("{9A19103F-16F7-4668-BE54-9A1E7A4F7556}") = "MicroRabbit.Infra.Bus", "MicroRabbit.Infra.Bus\MicroRabbit.Infra.Bus.csproj", "{FC8C3639-8DC7-4380-B81F-7E0805C34B1A}"
EndProject
Project("{9A19103F-16F7-4668-BE54-9A1E7A4F7556}") = "MicroRabbit.Infra.IoC", "MicroRabbit.Infra.IoC\MicroRabbit.Infra.IoC.csproj", "{EF6A6CBD-4A3A-4533-B28F-28BC505FEB75}"
EndProject
Project("{2150E333-8FDC-42A3-9474-1A3956D46DE8}") = "Banking", "Banking", "{7A6708E3-AB7F-44AF-9820-84E33259AF27}"
EndProject
Project("{2150E333-8FDC-42A3-9474-1A3956D46DE8}") = "Domain", "Domain", "{330E983A-8AA3-4A4E-B251-DA5B164EAE3D}"
EndProject
Project("{2150E333-8FDC-42A3-9474-1A3956D46DE8}") = "API", "API", "{9C8AAE86-88A2-4D6B-8CDF-4F076FB71857}"
EndProject
Project("{2150E333-8FDC-42A3-9474-1A3956D46DE8}") = "Data", "Data", "{4BE30AFE-663E-4ACF-97EB-5AD4CF6171A3}"
EndProject
Project("{2150E333-8FDC-42A3-9474-1A3956D46DE8}") = "Application", "Application", "{4CB7FB26-678F-44B2-9222-D40FE6EB83C4}"
EndProject
Project("{FAE04EC0-301F-11D3-BF4B-00C04F79EFBC}") = "MicroRabbit.Banking.Api", "MicroRabbit.Banking.Api\MicroRabbit.Banking.Api.csproj", "{AD7E2036-CD74-43D8-AA7D-B149F0F88D0B}"
EndProject
Project("{FAE04EC0-301F-11D3-BF4B-00C04F79EFBC}") = "MicroRabbit.Banking.Application", "MicroRabbit.Banking.Application\MicroRabbit.Banking.Application.csproj", "{44502DE6-E58F-45A1-8733-F6628E25D890}"
EndProject
Project("{FAE04EC0-301F-11D3-BF4B-00C04F79EFBC}") = "MicroRabbit.Banking.Data", "MicroRabbit.Banking.Data\MicroRabbit.Banking.Data.csproj", "{535C4986-C21B-4B2D-AF18-5FF016AD45BE}"
EndProject
Project("{FAE04EC0-301F-11D3-BF4B-00C04F79EFBC}") = "MicroRabbit.Banking.Domain", "MicroRabbit.Banking.Domain\MicroRabbit.Banking.Domain.csproj", "{00C43972-D4D9-498F-931E-B6230D890E20}"
EndProject
Global
	GlobalSection(SolutionConfigurationPlatforms) = preSolution
		Debug|Any CPU = Debug|Any CPU
		Release|Any CPU = Release|Any CPU
	EndGlobalSection
	GlobalSection(ProjectConfigurationPlatforms) = postSolution
		{2E93CB39-AD5C-44BB-871A-423620CDEB1F}.Debug|Any CPU.ActiveCfg = Debug|Any CPU
		{2E93CB39-AD5C-44BB-871A-423620CDEB1F}.Debug|Any CPU.Build.0 = Debug|Any CPU
		{2E93CB39-AD5C-44BB-871A-423620CDEB1F}.Release|Any CPU.ActiveCfg = Release|Any CPU
		{2E93CB39-AD5C-44BB-871A-423620CDEB1F}.Release|Any CPU.Build.0 = Release|Any CPU
		{FC8C3639-8DC7-4380-B81F-7E0805C34B1A}.Debug|Any CPU.ActiveCfg = Debug|Any CPU
		{FC8C3639-8DC7-4380-B81F-7E0805C34B1A}.Debug|Any CPU.Build.0 = Debug|Any CPU
		{FC8C3639-8DC7-4380-B81F-7E0805C34B1A}.Release|Any CPU.ActiveCfg = Release|Any CPU
		{FC8C3639-8DC7-4380-B81F-7E0805C34B1A}.Release|Any CPU.Build.0 = Release|Any CPU
		{EF6A6CBD-4A3A-4533-B28F-28BC505FEB75}.Debug|Any CPU.ActiveCfg = Debug|Any CPU
		{EF6A6CBD-4A3A-4533-B28F-28BC505FEB75}.Debug|Any CPU.Build.0 = Debug|Any CPU
		{EF6A6CBD-4A3A-4533-B28F-28BC505FEB75}.Release|Any CPU.ActiveCfg = Release|Any CPU
		{EF6A6CBD-4A3A-4533-B28F-28BC505FEB75}.Release|Any CPU.Build.0 = Release|Any CPU
		{AD7E2036-CD74-43D8-AA7D-B149F0F88D0B}.Debug|Any CPU.ActiveCfg = Debug|Any CPU
		{AD7E2036-CD74-43D8-AA7D-B149F0F88D0B}.Debug|Any CPU.Build.0 = Debug|Any CPU
		{AD7E2036-CD74-43D8-AA7D-B149F0F88D0B}.Release|Any CPU.ActiveCfg = Release|Any CPU
		{AD7E2036-CD74-43D8-AA7D-B149F0F88D0B}.Release|Any CPU.Build.0 = Release|Any CPU
		{44502DE6-E58F-45A1-8733-F6628E25D890}.Debug|Any CPU.ActiveCfg = Debug|Any CPU
		{44502DE6-E58F-45A1-8733-F6628E25D890}.Debug|Any CPU.Build.0 = Debug|Any CPU
		{44502DE6-E58F-45A1-8733-F6628E25D890}.Release|Any CPU.ActiveCfg = Release|Any CPU
		{44502DE6-E58F-45A1-8733-F6628E25D890}.Release|Any CPU.Build.0 = Release|Any CPU
		{535C4986-C21B-4B2D-AF18-5FF016AD45BE}.Debug|Any CPU.ActiveCfg = Debug|Any CPU
		{535C4986-C21B-4B2D-AF18-5FF016AD45BE}.Debug|Any CPU.Build.0 = Debug|Any CPU
		{535C4986-C21B-4B2D-AF18-5FF016AD45BE}.Release|Any CPU.ActiveCfg = Release|Any CPU
		{535C4986-C21B-4B2D-AF18-5FF016AD45BE}.Release|Any CPU.Build.0 = Release|Any CPU
		{00C43972-D4D9-498F-931E-B6230D890E20}.Debug|Any CPU.ActiveCfg = Debug|Any CPU
		{00C43972-D4D9-498F-931E-B6230D890E20}.Debug|Any CPU.Build.0 = Debug|Any CPU
		{00C43972-D4D9-498F-931E-B6230D890E20}.Release|Any CPU.ActiveCfg = Release|Any CPU
		{00C43972-D4D9-498F-931E-B6230D890E20}.Release|Any CPU.Build.0 = Release|Any CPU
	EndGlobalSection
	GlobalSection(SolutionProperties) = preSolution
		HideSolutionNode = FALSE
	EndGlobalSection
	GlobalSection(NestedProjects) = preSolution
		{2E93CB39-AD5C-44BB-871A-423620CDEB1F} = {D371246E-1C54-4EAF-90E7-6249B9D54AF3}
		{FC8C3639-8DC7-4380-B81F-7E0805C34B1A} = {C62E301F-ED93-4603-997F-DD6362AE3A37}
		{EF6A6CBD-4A3A-4533-B28F-28BC505FEB75} = {D5EDC995-E861-4FB7-8E6F-0FDFFC017B69}
		{7A6708E3-AB7F-44AF-9820-84E33259AF27} = {F809A473-2274-432C-827E-0741C942086A}
		{330E983A-8AA3-4A4E-B251-DA5B164EAE3D} = {7A6708E3-AB7F-44AF-9820-84E33259AF27}
		{9C8AAE86-88A2-4D6B-8CDF-4F076FB71857} = {7A6708E3-AB7F-44AF-9820-84E33259AF27}
		{4BE30AFE-663E-4ACF-97EB-5AD4CF6171A3} = {7A6708E3-AB7F-44AF-9820-84E33259AF27}
		{4CB7FB26-678F-44B2-9222-D40FE6EB83C4} = {7A6708E3-AB7F-44AF-9820-84E33259AF27}
		{AD7E2036-CD74-43D8-AA7D-B149F0F88D0B} = {9C8AAE86-88A2-4D6B-8CDF-4F076FB71857}
		{44502DE6-E58F-45A1-8733-F6628E25D890} = {4CB7FB26-678F-44B2-9222-D40FE6EB83C4}
		{535C4986-C21B-4B2D-AF18-5FF016AD45BE} = {4BE30AFE-663E-4ACF-97EB-5AD4CF6171A3}
		{00C43972-D4D9-498F-931E-B6230D890E20} = {330E983A-8AA3-4A4E-B251-DA5B164EAE3D}
	EndGlobalSection
	GlobalSection(ExtensibilityGlobals) = postSolution
		SolutionGuid = {7E338CA5-0E84-434C-A3A5-4AFB2166B33F}
	EndGlobalSection
EndGlobal
