
Microsoft Visual Studio Solution File, Format Version 12.00
# Visual Studio Version 16
VisualStudioVersion = 16.0.30804.86
MinimumVisualStudioVersion = 10.0.40219.1
Project("{2150E333-8FDC-42A3-9474-1A3956D46DE8}") = "MicroServices", "MicroServices", "{F809A473-2274-432C-827E-0741C942086A}"
EndProject
Project("{2150E333-8FDC-42A3-9474-1A3956D46DE8}") = "Domain", "Domain", "{D371246E-1C54-4EAF-90E7-6249B9D54AF3}"
EndProject
Project("{2150E333-8FDC-42A3-9474-1A3956D46DE8}") = "Infra.Bus", "Infra.Bus", "{C62E301F-ED93-4603-997F-DD6362AE3A37}"
EndProject
Project("{2150E333-8FDC-42A3-9474-1A3956D46DE8}") = "Infra.IoC", "Infra.IoC", "{D5EDC995-E861-4FB7-8E6F-0FDFFC017B69}"
EndProject
Project("{2150E333-8FDC-42A3-9474-1A3956D46DE8}") = "Presentation", "Presentation", "{6ED86B3C-DD26-4F24-8BC4-4639B45B8AA4}"
EndProject
Project("{FAE04EC0-301F-11D3-BF4B-00C04F79EFBC}") = "MicroRabbit.Domain.Core", "MicroRabbit.Domain.Core\MicroRabbit.Domain.Core.csproj", "{2E93CB39-AD5C-44BB-871A-423620CDEB1F}"
EndProject
Project("{FAE04EC0-301F-11D3-BF4B-00C04F79EFBC}") = "MicroRabbit.Infra.Bus", "MicroRabbit.Infra.Bus\MicroRabbit.Infra.Bus.csproj", "{FC8C3639-8DC7-4380-B81F-7E0805C34B1A}"
EndProject
Global
	GlobalSection(SolutionConfigurationPlatforms) = preSolution
		Debug|Any CPU = Debug|Any CPU
		Release|Any CPU = Release|Any CPU
	EndGlobalSection
	GlobalSection(ProjectConfigurationPlatforms) = postSolution
		{2E93CB39-AD5C-44BB-871A-423620CDEB1F}.Debug|Any CPU.ActiveCfg = Debug|Any CPU
		{2E93CB39-AD5C-44BB-871A-423620CDEB1F}.Debug|Any CPU.Build.0 = Debug|Any CPU
		{2E93CB39-AD5C-44BB-871A-423620CDEB1F}.Release|Any CPU.ActiveCfg = Release|Any CPU
		{2E93CB39-AD5C-44BB-871A-423620CDEB1F}.Release|Any CPU.Build.0 = Release|Any CPU
		{FC8C3639-8DC7-4380-B81F-7E0805C34B1A}.Debug|Any CPU.ActiveCfg = Debug|Any CPU
		{FC8C3639-8DC7-4380-B81F-7E0805C34B1A}.Debug|Any CPU.Build.0 = Debug|Any CPU
		{FC8C3639-8DC7-4380-B81F-7E0805C34B1A}.Release|Any CPU.ActiveCfg = Release|Any CPU
		{FC8C3639-8DC7-4380-B81F-7E0805C34B1A}.Release|Any CPU.Build.0 = Release|Any CPU
	EndGlobalSection
	GlobalSection(SolutionProperties) = preSolution
		HideSolutionNode = FALSE
	EndGlobalSection
	GlobalSection(NestedProjects) = preSolution
		{2E93CB39-AD5C-44BB-871A-423620CDEB1F} = {D371246E-1C54-4EAF-90E7-6249B9D54AF3}
		{FC8C3639-8DC7-4380-B81F-7E0805C34B1A} = {C62E301F-ED93-4603-997F-DD6362AE3A37}
	EndGlobalSection
	GlobalSection(ExtensibilityGlobals) = postSolution
		SolutionGuid = {7E338CA5-0E84-434C-A3A5-4AFB2166B33F}
	EndGlobalSection
EndGlobal
